
Microsoft Visual Studio Solution File, Format Version 12.00
# Visual Studio Version 16
VisualStudioVersion = 16.0.30711.63
MinimumVisualStudioVersion = 10.0.40219.1
Project("{FAE04EC0-301F-11D3-BF4B-00C04F79EFBC}") = "POS_Model", "POS_Model\POS_Model.csproj", "{3C7CE040-DD06-44FE-9368-E4EB396EB4EA}"
EndProject
Project("{FAE04EC0-301F-11D3-BF4B-00C04F79EFBC}") = "POS_Business", "POS_Business\POS_Business.csproj", "{58116A28-7F43-4B38-8A9D-99A895A0E3D0}"
EndProject
Project("{FAE04EC0-301F-11D3-BF4B-00C04F79EFBC}") = "POS_Test", "POS_Test\POS_Test.csproj", "{5D701D0E-1A71-44AB-89C7-0408B5DF8F8C}"
EndProject
Project("{FAE04EC0-301F-11D3-BF4B-00C04F79EFBC}") = "POS_UI", "POS_UI\POS_UI.csproj", "{543A4FDB-88D4-4C13-B8BB-16A32BC6532E}"
EndProject
Global
	GlobalSection(SolutionConfigurationPlatforms) = preSolution
		Debug|Any CPU = Debug|Any CPU
		Release|Any CPU = Release|Any CPU
	EndGlobalSection
	GlobalSection(ProjectConfigurationPlatforms) = postSolution
		{3C7CE040-DD06-44FE-9368-E4EB396EB4EA}.Debug|Any CPU.ActiveCfg = Debug|Any CPU
		{3C7CE040-DD06-44FE-9368-E4EB396EB4EA}.Debug|Any CPU.Build.0 = Debug|Any CPU
		{3C7CE040-DD06-44FE-9368-E4EB396EB4EA}.Release|Any CPU.ActiveCfg = Release|Any CPU
		{3C7CE040-DD06-44FE-9368-E4EB396EB4EA}.Release|Any CPU.Build.0 = Release|Any CPU
		{58116A28-7F43-4B38-8A9D-99A895A0E3D0}.Debug|Any CPU.ActiveCfg = Debug|Any CPU
		{58116A28-7F43-4B38-8A9D-99A895A0E3D0}.Debug|Any CPU.Build.0 = Debug|Any CPU
		{58116A28-7F43-4B38-8A9D-99A895A0E3D0}.Release|Any CPU.ActiveCfg = Release|Any CPU
		{58116A28-7F43-4B38-8A9D-99A895A0E3D0}.Release|Any CPU.Build.0 = Release|Any CPU
		{5D701D0E-1A71-44AB-89C7-0408B5DF8F8C}.Debug|Any CPU.ActiveCfg = Debug|Any CPU
		{5D701D0E-1A71-44AB-89C7-0408B5DF8F8C}.Debug|Any CPU.Build.0 = Debug|Any CPU
		{5D701D0E-1A71-44AB-89C7-0408B5DF8F8C}.Release|Any CPU.ActiveCfg = Release|Any CPU
		{5D701D0E-1A71-44AB-89C7-0408B5DF8F8C}.Release|Any CPU.Build.0 = Release|Any CPU
		{543A4FDB-88D4-4C13-B8BB-16A32BC6532E}.Debug|Any CPU.ActiveCfg = Debug|Any CPU
		{543A4FDB-88D4-4C13-B8BB-16A32BC6532E}.Debug|Any CPU.Build.0 = Debug|Any CPU
		{543A4FDB-88D4-4C13-B8BB-16A32BC6532E}.Release|Any CPU.ActiveCfg = Release|Any CPU
		{543A4FDB-88D4-4C13-B8BB-16A32BC6532E}.Release|Any CPU.Build.0 = Release|Any CPU
	EndGlobalSection
	GlobalSection(SolutionProperties) = preSolution
		HideSolutionNode = FALSE
	EndGlobalSection
	GlobalSection(ExtensibilityGlobals) = postSolution
		SolutionGuid = {B8E9C675-CA64-46A7-8B68-FD19BAD5D07D}
	EndGlobalSection
EndGlobal
